Microsoft Visual Studio Solution File, Format Version 12.00
# Visual Studio Version 17
VisualStudioVersion = 17.8.34511.84
MinimumVisualStudioVersion = 10.0.40219.1
Project("{8BC9CEB8-8B4A-11D0-8D11-00A0C91BC942}") = "GlobalHeaders", "Libraries\GlobalHeaders\GlobalHeaders.vcxproj", "{5A1BA375-0A01-4E74-9160-F5051A977E6C}"
EndProject
Project("{2150E333-8FDC-42A3-9474-1A3956D46DE8}") = "Applications", "Applications", "{B5F74704-EF11-4077-A5E5-855FD6AA90F6}"
EndProject
Project("{2150E333-8FDC-42A3-9474-1A3956D46DE8}") = "SDK Middleware Libraries", "SDK Middleware Libraries", "{4E544DCA-F9CD-4417-B219-9B54516C3AA6}"
EndProject
Project("{8BC9CEB8-8B4A-11D0-8D11-00A0C91BC942}") = "EntityLib", "Libraries\EntityLib\EntityLib.vcxproj", "{8FBD6DF5-7659-4984-91C7-9BEAC2A3753F}"
EndProject
Project("{8BC9CEB8-8B4A-11D0-8D11-00A0C91BC942}") = "MathLib", "Libraries\MathLib\MathLib.vcxproj", "{14C349CE-40FB-4385-A32D-9C577D9EBE31}"
EndProject
Project("{8BC9CEB8-8B4A-11D0-8D11-00A0C91BC942}") = "EngineLib", "Libraries\EngineLib\EngineLib.vcxproj", "{3502CCA4-4FF8-465B-ABB9-89BFD4C15529}"
EndProject
Project("{8BC9CEB8-8B4A-11D0-8D11-00A0C91BC942}") = "CIGITestImageGenerator", "Applications\CIGITestImageGenerator\ImageGenerator.vcxproj", "{3BD0BA68-5908-4E24-A43F-2D9FBE17C3F2}"
EndProject
Project("{2150E333-8FDC-42A3-9474-1A3956D46DE8}") = "Common", "Common", "{3D4630A9-B9AD-4D6E-8746-01F0D1D2E9CD}"
EndProject
Project("{2150E333-8FDC-42A3-9474-1A3956D46DE8}") = "CIGI", "CIGI", "{5E3C68C4-9E48-4D5D-9D9C-426BAD650AA8}"
EndProject
Project("{2150E333-8FDC-42A3-9474-1A3956D46DE8}") = "Engine Astraction", "Engine Astraction", "{DFF9DE27-C4AC-43B6-9130-D1A80B65181C}"
EndProject
Project("{2150E333-8FDC-42A3-9474-1A3956D46DE8}") = "CIGI", "CIGI", "{703C64F7-7D58-4585-B34A-6EB9EC1F00DD}"
EndProject
Project("{8BC9CEB8-8B4A-11D0-8D11-00A0C91BC942}") = "HostEmulator", "Applications\HostEmulator\HostEmulator.vcxproj", "{853D1FD7-20AB-586C-9699-9680F84AC985}"
EndProject
Project("{8BC9CEB8-8B4A-11D0-8D11-00A0C91BC942}") = "HostCigiLib", "Libraries\HostCigiLib\HostCigiLib.vcxproj", "{751730AE-BDD0-4636-AD53-90D6238FD3CB}"
EndProject
Project("{8BC9CEB8-8B4A-11D0-8D11-00A0C91BC942}") = "IGCigiLib", "Libraries\IGCigiLib\IGCigiLib.vcxproj", "{F211DC06-88F2-4935-8B60-1A4F0B896084}"
EndProject
Project("{8BC9CEB8-8B4A-11D0-8D11-00A0C91BC942}") = "CIGIHost", "Applications\CIGIHost\CIGIHost.vcxproj", "{36D98A8E-2B8E-47F6-9167-314D72C59035}"
EndProject
Project("{8BC9CEB8-8B4A-11D0-8D11-00A0C91BC942}") = "UtilitiesLib", "Libraries\UtilitiesLib\UtilitiesLib.vcxproj", "{A2A5DCBA-4F61-4D11-9579-2F7F0DA3DDAE}"
EndProject
Project("{8BC9CEB8-8B4A-11D0-8D11-00A0C91BC942}") = "CigiLib", "Libraries\CigiLib\CigiLib.vcxproj", "{34E86EEC-E212-492B-947A-6E2637CD8D77}"
EndProject
Project("{8BC9CEB8-8B4A-11D0-8D11-00A0C91BC942}") = "SymbolLib", "Libraries\SymbolLib\SymbolLib.vcxproj", "{BB4E0419-573F-4596-97DA-1179A96CC6DD}"
EndProject
Project("{2150E333-8FDC-42A3-9474-1A3956D46DE8}") = "UserInterface", "UserInterface", "{85414142-9F34-4DE2-A121-40D190B9A445}"
EndProject
Project("{8BC9CEB8-8B4A-11D0-8D11-00A0C91BC942}") = "wxWidgetsUtilities", "Libraries\wxWidgetsUtilities\wxWidgetsUtilities.vcxproj", "{2CB1232D-5FB4-48F3-8FA3-D1E42BE0FB2B}"
EndProject
Project("{8BC9CEB8-8B4A-11D0-8D11-00A0C91BC942}") = "ViewLib", "Libraries\ViewLib\ViewLib.vcxproj", "{635ADEF6-CF6B-42ED-B38E-1E92EBA9318D}"
EndProject
Global
	GlobalSection(SolutionConfigurationPlatforms) = preSolution
		vs2022_Debug|x64 = vs2022_Debug|x64
		vs2022_Release|x64 = vs2022_Release|x64
	EndGlobalSection
	GlobalSection(ProjectConfigurationPlatforms) = postSolution
		{5A1BA375-0A01-4E74-9160-F5051A977E6C}.vs2022_Debug|x64.ActiveCfg = vs2022_Debug|x64
		{5A1BA375-0A01-4E74-9160-F5051A977E6C}.vs2022_Debug|x64.Build.0 = vs2022_Debug|x64
		{5A1BA375-0A01-4E74-9160-F5051A977E6C}.vs2022_Release|x64.ActiveCfg = vs2022_Release|x64
		{5A1BA375-0A01-4E74-9160-F5051A977E6C}.vs2022_Release|x64.Build.0 = vs2022_Release|x64
		{8FBD6DF5-7659-4984-91C7-9BEAC2A3753F}.vs2022_Debug|x64.ActiveCfg = vs2022_Debug|x64
		{8FBD6DF5-7659-4984-91C7-9BEAC2A3753F}.vs2022_Debug|x64.Build.0 = vs2022_Debug|x64
		{8FBD6DF5-7659-4984-91C7-9BEAC2A3753F}.vs2022_Release|x64.ActiveCfg = vs2022_Release|x64
		{8FBD6DF5-7659-4984-91C7-9BEAC2A3753F}.vs2022_Release|x64.Build.0 = vs2022_Release|x64
		{14C349CE-40FB-4385-A32D-9C577D9EBE31}.vs2022_Debug|x64.ActiveCfg = vs2022_Debug|x64
		{14C349CE-40FB-4385-A32D-9C577D9EBE31}.vs2022_Debug|x64.Build.0 = vs2022_Debug|x64
		{14C349CE-40FB-4385-A32D-9C577D9EBE31}.vs2022_Release|x64.ActiveCfg = vs2022_Release|x64
		{14C349CE-40FB-4385-A32D-9C577D9EBE31}.vs2022_Release|x64.Build.0 = vs2022_Release|x64
		{3502CCA4-4FF8-465B-ABB9-89BFD4C15529}.vs2022_Debug|x64.ActiveCfg = vs2022_Debug|x64
		{3502CCA4-4FF8-465B-ABB9-89BFD4C15529}.vs2022_Debug|x64.Build.0 = vs2022_Debug|x64
		{3502CCA4-4FF8-465B-ABB9-89BFD4C15529}.vs2022_Release|x64.ActiveCfg = vs2022_Release|x64
		{3502CCA4-4FF8-465B-ABB9-89BFD4C15529}.vs2022_Release|x64.Build.0 = vs2022_Release|x64
		{3BD0BA68-5908-4E24-A43F-2D9FBE17C3F2}.vs2022_Debug|x64.ActiveCfg = vs2022_Debug|x64
		{3BD0BA68-5908-4E24-A43F-2D9FBE17C3F2}.vs2022_Debug|x64.Build.0 = vs2022_Debug|x64
		{3BD0BA68-5908-4E24-A43F-2D9FBE17C3F2}.vs2022_Release|x64.ActiveCfg = vs2022_Release|x64
		{3BD0BA68-5908-4E24-A43F-2D9FBE17C3F2}.vs2022_Release|x64.Build.0 = vs2022_Release|x64
		{853D1FD7-20AB-586C-9699-9680F84AC985}.vs2022_Debug|x64.ActiveCfg = vs2022_Debug|x64
		{853D1FD7-20AB-586C-9699-9680F84AC985}.vs2022_Debug|x64.Build.0 = vs2022_Debug|x64
		{853D1FD7-20AB-586C-9699-9680F84AC985}.vs2022_Release|x64.ActiveCfg = vs2022_Release|x64
		{853D1FD7-20AB-586C-9699-9680F84AC985}.vs2022_Release|x64.Build.0 = vs2022_Release|x64
		{751730AE-BDD0-4636-AD53-90D6238FD3CB}.vs2022_Debug|x64.ActiveCfg = vs2022_Debug|x64
		{751730AE-BDD0-4636-AD53-90D6238FD3CB}.vs2022_Debug|x64.Build.0 = vs2022_Debug|x64
		{751730AE-BDD0-4636-AD53-90D6238FD3CB}.vs2022_Release|x64.ActiveCfg = vs2022_Release|x64
		{751730AE-BDD0-4636-AD53-90D6238FD3CB}.vs2022_Release|x64.Build.0 = vs2022_Release|x64
		{F211DC06-88F2-4935-8B60-1A4F0B896084}.vs2022_Debug|x64.ActiveCfg = vs2022_Debug|x64
		{F211DC06-88F2-4935-8B60-1A4F0B896084}.vs2022_Debug|x64.Build.0 = vs2022_Debug|x64
		{F211DC06-88F2-4935-8B60-1A4F0B896084}.vs2022_Release|x64.ActiveCfg = vs2022_Release|x64
		{F211DC06-88F2-4935-8B60-1A4F0B896084}.vs2022_Release|x64.Build.0 = vs2022_Release|x64
		{36D98A8E-2B8E-47F6-9167-314D72C59035}.vs2022_Debug|x64.ActiveCfg = vs2022_Debug|x64
		{36D98A8E-2B8E-47F6-9167-314D72C59035}.vs2022_Debug|x64.Build.0 = vs2022_Debug|x64
		{36D98A8E-2B8E-47F6-9167-314D72C59035}.vs2022_Release|x64.ActiveCfg = vs2022_Release|x64
		{36D98A8E-2B8E-47F6-9167-314D72C59035}.vs2022_Release|x64.Build.0 = vs2022_Release|x64
		{A2A5DCBA-4F61-4D11-9579-2F7F0DA3DDAE}.vs2022_Debug|x64.ActiveCfg = vs2022_Debug|x64
		{A2A5DCBA-4F61-4D11-9579-2F7F0DA3DDAE}.vs2022_Debug|x64.Build.0 = vs2022_Debug|x64
		{A2A5DCBA-4F61-4D11-9579-2F7F0DA3DDAE}.vs2022_Release|x64.ActiveCfg = vs2022_Release|x64
		{A2A5DCBA-4F61-4D11-9579-2F7F0DA3DDAE}.vs2022_Release|x64.Build.0 = vs2022_Release|x64
		{34E86EEC-E212-492B-947A-6E2637CD8D77}.vs2022_Debug|x64.ActiveCfg = vs2022_Debug|x64
		{34E86EEC-E212-492B-947A-6E2637CD8D77}.vs2022_Debug|x64.Build.0 = vs2022_Debug|x64
		{34E86EEC-E212-492B-947A-6E2637CD8D77}.vs2022_Release|x64.ActiveCfg = vs2022_Release|x64
		{34E86EEC-E212-492B-947A-6E2637CD8D77}.vs2022_Release|x64.Build.0 = vs2022_Release|x64
		{BB4E0419-573F-4596-97DA-1179A96CC6DD}.vs2022_Debug|x64.ActiveCfg = vs2022_Debug|x64
		{BB4E0419-573F-4596-97DA-1179A96CC6DD}.vs2022_Debug|x64.Build.0 = vs2022_Debug|x64
		{BB4E0419-573F-4596-97DA-1179A96CC6DD}.vs2022_Release|x64.ActiveCfg = vs2022_Release|x64
		{BB4E0419-573F-4596-97DA-1179A96CC6DD}.vs2022_Release|x64.Build.0 = vs2022_Release|x64
		{2CB1232D-5FB4-48F3-8FA3-D1E42BE0FB2B}.vs2022_Debug|x64.ActiveCfg = vs2022_Debug|x64
		{2CB1232D-5FB4-48F3-8FA3-D1E42BE0FB2B}.vs2022_Debug|x64.Build.0 = vs2022_Debug|x64
		{2CB1232D-5FB4-48F3-8FA3-D1E42BE0FB2B}.vs2022_Release|x64.ActiveCfg = vs2022_Release|x64
		{2CB1232D-5FB4-48F3-8FA3-D1E42BE0FB2B}.vs2022_Release|x64.Build.0 = vs2022_Release|x64
		{635ADEF6-CF6B-42ED-B38E-1E92EBA9318D}.vs2022_Debug|x64.ActiveCfg = vs2022_Debug|x64
		{635ADEF6-CF6B-42ED-B38E-1E92EBA9318D}.vs2022_Debug|x64.Build.0 = vs2022_Debug|x64
		{635ADEF6-CF6B-42ED-B38E-1E92EBA9318D}.vs2022_Release|x64.ActiveCfg = vs2022_Release|x64
		{635ADEF6-CF6B-42ED-B38E-1E92EBA9318D}.vs2022_Release|x64.Build.0 = vs2022_Release|x64
	EndGlobalSection
	GlobalSection(SolutionProperties) = preSolution
		HideSolutionNode = FALSE
	EndGlobalSection
	GlobalSection(NestedProjects) = preSolution
		{5A1BA375-0A01-4E74-9160-F5051A977E6C} = {3D4630A9-B9AD-4D6E-8746-01F0D1D2E9CD}
		{8FBD6DF5-7659-4984-91C7-9BEAC2A3753F} = {5E3C68C4-9E48-4D5D-9D9C-426BAD650AA8}
		{14C349CE-40FB-4385-A32D-9C577D9EBE31} = {3D4630A9-B9AD-4D6E-8746-01F0D1D2E9CD}
		{3502CCA4-4FF8-465B-ABB9-89BFD4C15529} = {DFF9DE27-C4AC-43B6-9130-D1A80B65181C}
		{3BD0BA68-5908-4E24-A43F-2D9FBE17C3F2} = {703C64F7-7D58-4585-B34A-6EB9EC1F00DD}
		{3D4630A9-B9AD-4D6E-8746-01F0D1D2E9CD} = {4E544DCA-F9CD-4417-B219-9B54516C3AA6}
		{5E3C68C4-9E48-4D5D-9D9C-426BAD650AA8} = {4E544DCA-F9CD-4417-B219-9B54516C3AA6}
		{DFF9DE27-C4AC-43B6-9130-D1A80B65181C} = {4E544DCA-F9CD-4417-B219-9B54516C3AA6}
		{703C64F7-7D58-4585-B34A-6EB9EC1F00DD} = {B5F74704-EF11-4077-A5E5-855FD6AA90F6}
		{853D1FD7-20AB-586C-9699-9680F84AC985} = {703C64F7-7D58-4585-B34A-6EB9EC1F00DD}
		{751730AE-BDD0-4636-AD53-90D6238FD3CB} = {5E3C68C4-9E48-4D5D-9D9C-426BAD650AA8}
		{F211DC06-88F2-4935-8B60-1A4F0B896084} = {5E3C68C4-9E48-4D5D-9D9C-426BAD650AA8}
		{36D98A8E-2B8E-47F6-9167-314D72C59035} = {703C64F7-7D58-4585-B34A-6EB9EC1F00DD}
		{A2A5DCBA-4F61-4D11-9579-2F7F0DA3DDAE} = {3D4630A9-B9AD-4D6E-8746-01F0D1D2E9CD}
		{34E86EEC-E212-492B-947A-6E2637CD8D77} = {5E3C68C4-9E48-4D5D-9D9C-426BAD650AA8}
		{BB4E0419-573F-4596-97DA-1179A96CC6DD} = {5E3C68C4-9E48-4D5D-9D9C-426BAD650AA8}
		{85414142-9F34-4DE2-A121-40D190B9A445} = {4E544DCA-F9CD-4417-B219-9B54516C3AA6}
		{2CB1232D-5FB4-48F3-8FA3-D1E42BE0FB2B} = {85414142-9F34-4DE2-A121-40D190B9A445}
		{635ADEF6-CF6B-42ED-B38E-1E92EBA9318D} = {5E3C68C4-9E48-4D5D-9D9C-426BAD650AA8}
	EndGlobalSection
	GlobalSection(ExtensibilityGlobals) = postSolution
		SolutionGuid = {0667D2AA-F1D9-452A-8316-D99C5848321D}
	EndGlobalSection
EndGlobal
